
Microsoft Visual Studio Solution File, Format Version 12.00
# Visual Studio 15
Project("{FAE04EC0-301F-11D3-BF4B-00C04F79EFBC}") = "Assembly-CSharp-Editor", "Assembly-CSharp-Editor.csproj", "{ECAE9895-D5F9-4E1A-04B0-786AB039EB1B}"
EndProject
Project("{FAE04EC0-301F-11D3-BF4B-00C04F79EFBC}") = "Assembly-CSharp", "Assembly-CSharp.csproj", "{58FA2D23-AD02-34E5-8B11-15BB16993B4B}"
EndProject
Global
	GlobalSection(SolutionConfigurationPlatforms) = preSolution
		Debug|Any CPU = Debug|Any CPU
		Release|Any CPU = Release|Any CPU
	EndGlobalSection
	GlobalSection(ProjectConfigurationPlatforms) = postSolution
		{ECAE9895-D5F9-4E1A-04B0-786AB039EB1B}.Debug|Any CPU.ActiveCfg = Debug|Any CPU
		{ECAE9895-D5F9-4E1A-04B0-786AB039EB1B}.Debug|Any CPU.Build.0 = Debug|Any CPU
		{ECAE9895-D5F9-4E1A-04B0-786AB039EB1B}.Release|Any CPU.ActiveCfg = Release|Any CPU
		{ECAE9895-D5F9-4E1A-04B0-786AB039EB1B}.Release|Any CPU.Build.0 = Release|Any CPU
		{58FA2D23-AD02-34E5-8B11-15BB16993B4B}.Debug|Any CPU.ActiveCfg = Debug|Any CPU
		{58FA2D23-AD02-34E5-8B11-15BB16993B4B}.Debug|Any CPU.Build.0 = Debug|Any CPU
		{58FA2D23-AD02-34E5-8B11-15BB16993B4B}.Release|Any CPU.ActiveCfg = Release|Any CPU
		{58FA2D23-AD02-34E5-8B11-15BB16993B4B}.Release|Any CPU.Build.0 = Release|Any CPU
	EndGlobalSection
	GlobalSection(SolutionProperties) = preSolution
		HideSolutionNode = FALSE
	EndGlobalSection
EndGlobal
